
Microsoft Visual Studio Solution File, Format Version 12.00
# Visual Studio Version 17
VisualStudioVersion = 17.7.34024.191
MinimumVisualStudioVersion = 10.0.40219.1
Project("{FAE04EC0-301F-11D3-BF4B-00C04F79EFBC}") = "ModernDesing", "ModernDesing\ModernDesing.csproj", "{867294BE-6937-40BB-B11E-9762D3048CF5}"
EndProject
Global
	GlobalSection(SolutionConfigurationPlatforms) = preSolution
		Debug|Any CPU = Debug|Any CPU
		Release|Any CPU = Release|Any CPU
	EndGlobalSection
	GlobalSection(ProjectConfigurationPlatforms) = postSolution
		{867294BE-6937-40BB-B11E-9762D3048CF5}.Debug|Any CPU.ActiveCfg = Debug|Any CPU
		{867294BE-6937-40BB-B11E-9762D3048CF5}.Debug|Any CPU.Build.0 = Debug|Any CPU
		{867294BE-6937-40BB-B11E-9762D3048CF5}.Release|Any CPU.ActiveCfg = Release|Any CPU
		{867294BE-6937-40BB-B11E-9762D3048CF5}.Release|Any CPU.Build.0 = Release|Any CPU
	EndGlobalSection
	GlobalSection(SolutionProperties) = preSolution
		HideSolutionNode = FALSE
	EndGlobalSection
	GlobalSection(ExtensibilityGlobals) = postSolution
		SolutionGuid = {1758B049-0EDC-4FDC-B328-82D074199CD9}
	EndGlobalSection
EndGlobal
